
Microsoft Visual Studio Solution File, Format Version 12.00
# Visual Studio Version 17
VisualStudioVersion = 17.4.33213.308
MinimumVisualStudioVersion = 10.0.40219.1
Project("{FAE04EC0-301F-11D3-BF4B-00C04F79EFBC}") = "Roster_Test", "Roster_Test\Roster_Test.csproj", "{DDE713F9-7F95-41B3-BF5F-EA0153850701}"
EndProject
Global
	GlobalSection(SolutionConfigurationPlatforms) = preSolution
		Debug|Any CPU = Debug|Any CPU
		Release|Any CPU = Release|Any CPU
	EndGlobalSection
	GlobalSection(ProjectConfigurationPlatforms) = postSolution
		{DDE713F9-7F95-41B3-BF5F-EA0153850701}.Debug|Any CPU.ActiveCfg = Debug|Any CPU
		{DDE713F9-7F95-41B3-BF5F-EA0153850701}.Debug|Any CPU.Build.0 = Debug|Any CPU
		{DDE713F9-7F95-41B3-BF5F-EA0153850701}.Release|Any CPU.ActiveCfg = Release|Any CPU
		{DDE713F9-7F95-41B3-BF5F-EA0153850701}.Release|Any CPU.Build.0 = Release|Any CPU
	EndGlobalSection
	GlobalSection(SolutionProperties) = preSolution
		HideSolutionNode = FALSE
	EndGlobalSection
	GlobalSection(ExtensibilityGlobals) = postSolution
		SolutionGuid = {64C038EF-F400-41CB-BFFA-1A470B8DD65E}
	EndGlobalSection
EndGlobal
